
Microsoft Visual Studio Solution File, Format Version 12.00
# Visual Studio Version 17
VisualStudioVersion = 17.14.36518.9
MinimumVisualStudioVersion = 10.0.40219.1
Project("{FAE04EC0-301F-11D3-BF4B-00C04F79EFBC}") = "PathLab.WebUI", "PathLab.WebUI\PathLab.WebUI.csproj", "{16C826BA-CC46-4677-B316-9337363F4991}"
EndProject
Project("{FAE04EC0-301F-11D3-BF4B-00C04F79EFBC}") = "PathLab.Infrastructure", "PathLab.Infrastructure\PathLab.Infrastructure.csproj", "{45B3835C-B6E4-4E3D-95AB-20D5C8145FE6}"
EndProject
Project("{FAE04EC0-301F-11D3-BF4B-00C04F79EFBC}") = "PathLab.Application", "PathLab.Application\PathLab.Application.csproj", "{C5EE56E0-E6F6-48E2-B26B-764B38731B5E}"
EndProject
Project("{FAE04EC0-301F-11D3-BF4B-00C04F79EFBC}") = "PathLab.Shared", "PathLab.Shared\PathLab.Shared.csproj", "{2C83030E-C6E8-4EDA-A21A-B9C0165F205F}"
EndProject
Project("{FAE04EC0-301F-11D3-BF4B-00C04F79EFBC}") = "Domain", "Domain\Domain.csproj", "{60DFE5C8-F59F-4032-9C22-4A37F7050276}"
EndProject
Global
	GlobalSection(SolutionConfigurationPlatforms) = preSolution
		Debug|Any CPU = Debug|Any CPU
		Release|Any CPU = Release|Any CPU
	EndGlobalSection
	GlobalSection(ProjectConfigurationPlatforms) = postSolution
		{16C826BA-CC46-4677-B316-9337363F4991}.Debug|Any CPU.ActiveCfg = Debug|Any CPU
		{16C826BA-CC46-4677-B316-9337363F4991}.Debug|Any CPU.Build.0 = Debug|Any CPU
		{16C826BA-CC46-4677-B316-9337363F4991}.Release|Any CPU.ActiveCfg = Release|Any CPU
		{16C826BA-CC46-4677-B316-9337363F4991}.Release|Any CPU.Build.0 = Release|Any CPU
		{45B3835C-B6E4-4E3D-95AB-20D5C8145FE6}.Debug|Any CPU.ActiveCfg = Debug|Any CPU
		{45B3835C-B6E4-4E3D-95AB-20D5C8145FE6}.Debug|Any CPU.Build.0 = Debug|Any CPU
		{45B3835C-B6E4-4E3D-95AB-20D5C8145FE6}.Release|Any CPU.ActiveCfg = Release|Any CPU
		{45B3835C-B6E4-4E3D-95AB-20D5C8145FE6}.Release|Any CPU.Build.0 = Release|Any CPU
		{C5EE56E0-E6F6-48E2-B26B-764B38731B5E}.Debug|Any CPU.ActiveCfg = Debug|Any CPU
		{C5EE56E0-E6F6-48E2-B26B-764B38731B5E}.Debug|Any CPU.Build.0 = Debug|Any CPU
		{C5EE56E0-E6F6-48E2-B26B-764B38731B5E}.Release|Any CPU.ActiveCfg = Release|Any CPU
		{C5EE56E0-E6F6-48E2-B26B-764B38731B5E}.Release|Any CPU.Build.0 = Release|Any CPU
		{2C83030E-C6E8-4EDA-A21A-B9C0165F205F}.Debug|Any CPU.ActiveCfg = Debug|Any CPU
		{2C83030E-C6E8-4EDA-A21A-B9C0165F205F}.Debug|Any CPU.Build.0 = Debug|Any CPU
		{2C83030E-C6E8-4EDA-A21A-B9C0165F205F}.Release|Any CPU.ActiveCfg = Release|Any CPU
		{2C83030E-C6E8-4EDA-A21A-B9C0165F205F}.Release|Any CPU.Build.0 = Release|Any CPU
		{60DFE5C8-F59F-4032-9C22-4A37F7050276}.Debug|Any CPU.ActiveCfg = Debug|Any CPU
		{60DFE5C8-F59F-4032-9C22-4A37F7050276}.Debug|Any CPU.Build.0 = Debug|Any CPU
		{60DFE5C8-F59F-4032-9C22-4A37F7050276}.Release|Any CPU.ActiveCfg = Release|Any CPU
		{60DFE5C8-F59F-4032-9C22-4A37F7050276}.Release|Any CPU.Build.0 = Release|Any CPU
	EndGlobalSection
	GlobalSection(SolutionProperties) = preSolution
		HideSolutionNode = FALSE
	EndGlobalSection
	GlobalSection(ExtensibilityGlobals) = postSolution
		SolutionGuid = {508EA679-A231-4FAC-8313-126CA7F1EFA0}
	EndGlobalSection
EndGlobal
